
Microsoft Visual Studio Solution File, Format Version 12.00
# Visual Studio Version 16
VisualStudioVersion = 16.0.30320.27
MinimumVisualStudioVersion = 10.0.40219.1
Project("{9A19103F-16F7-4668-BE54-9A1E7A4F7556}") = "TestProject", "TestProject\TestProject.csproj", "{EA9D6D35-1463-4A56-B681-22D072BC3A31}"
EndProject
Project("{9A19103F-16F7-4668-BE54-9A1E7A4F7556}") = "UnitTests", "UnitTests\UnitTests.csproj", "{3CD193B6-03D9-4A17-A463-924CCEC7D70E}"
EndProject
Project("{FAE04EC0-301F-11D3-BF4B-00C04F79EFBC}") = "Hi!", "Hi!\Hi!.csproj", "{BB458FB0-3E23-4384-B5FD-0521405C7AB1}"
EndProject
Project("{FAE04EC0-301F-11D3-BF4B-00C04F79EFBC}") = "CalvinExampleStuff", "CalvinExampleStuff\CalvinExampleStuff.csproj", "{435BD8FF-95DD-4FC0-8FBC-9C267C1573C0}"
EndProject
Global
	GlobalSection(SolutionConfigurationPlatforms) = preSolution
		Debug|Any CPU = Debug|Any CPU
		Release|Any CPU = Release|Any CPU
	EndGlobalSection
	GlobalSection(ProjectConfigurationPlatforms) = postSolution
		{EA9D6D35-1463-4A56-B681-22D072BC3A31}.Debug|Any CPU.ActiveCfg = Debug|Any CPU
		{EA9D6D35-1463-4A56-B681-22D072BC3A31}.Debug|Any CPU.Build.0 = Debug|Any CPU
		{EA9D6D35-1463-4A56-B681-22D072BC3A31}.Release|Any CPU.ActiveCfg = Release|Any CPU
		{EA9D6D35-1463-4A56-B681-22D072BC3A31}.Release|Any CPU.Build.0 = Release|Any CPU
		{3CD193B6-03D9-4A17-A463-924CCEC7D70E}.Debug|Any CPU.ActiveCfg = Debug|Any CPU
		{3CD193B6-03D9-4A17-A463-924CCEC7D70E}.Debug|Any CPU.Build.0 = Debug|Any CPU
		{3CD193B6-03D9-4A17-A463-924CCEC7D70E}.Release|Any CPU.ActiveCfg = Release|Any CPU
		{3CD193B6-03D9-4A17-A463-924CCEC7D70E}.Release|Any CPU.Build.0 = Release|Any CPU
		{BB458FB0-3E23-4384-B5FD-0521405C7AB1}.Debug|Any CPU.ActiveCfg = Debug|Any CPU
		{BB458FB0-3E23-4384-B5FD-0521405C7AB1}.Debug|Any CPU.Build.0 = Debug|Any CPU
		{BB458FB0-3E23-4384-B5FD-0521405C7AB1}.Release|Any CPU.ActiveCfg = Release|Any CPU
		{BB458FB0-3E23-4384-B5FD-0521405C7AB1}.Release|Any CPU.Build.0 = Release|Any CPU
		{435BD8FF-95DD-4FC0-8FBC-9C267C1573C0}.Debug|Any CPU.ActiveCfg = Debug|Any CPU
		{435BD8FF-95DD-4FC0-8FBC-9C267C1573C0}.Debug|Any CPU.Build.0 = Debug|Any CPU
		{435BD8FF-95DD-4FC0-8FBC-9C267C1573C0}.Release|Any CPU.ActiveCfg = Release|Any CPU
		{435BD8FF-95DD-4FC0-8FBC-9C267C1573C0}.Release|Any CPU.Build.0 = Release|Any CPU
	EndGlobalSection
	GlobalSection(SolutionProperties) = preSolution
		HideSolutionNode = FALSE
	EndGlobalSection
	GlobalSection(ExtensibilityGlobals) = postSolution
		SolutionGuid = {4591977E-59D1-48FC-A54E-B3EEDD84C6E5}
	EndGlobalSection
EndGlobal
